// !$*UTF8*$!
{
	archiveVersion = 1;
	classes = {
	};
	objectVersion = 77;
	objects = {

/* Begin PBXBuildFile section */
		03E7041F6EA3BB051106A46E /* MushroomSignalWidgetBundle.swift in Sources */ = {isa = PBXBuildFile; fileRef = 7121D9BEBDD981DC5A5A7F87 /* MushroomSignalWidgetBundle.swift */; };
		0DDA9573388B544E8983F1DD /* NotificationSettingsState.swift in Sources */ = {isa = PBXBuildFile; fileRef = DD306E3B17FFEF1E874435FC /* NotificationSettingsState.swift */; };
		0FAF8DADEDA96F713383337F /* PhotoCreditsView.swift in Sources */ = {isa = PBXBuildFile; fileRef = C06442830610580CEB0AF161 /* PhotoCreditsView.swift */; };
		16E3AAA1E68A9D8C55B22B38 /* MapScreenView.swift in Sources */ = {isa = PBXBuildFile; fileRef = 0E508520517A594C06FD0468 /* MapScreenView.swift */; };
		19426F3C206A152A238DE8FC /* MapResizeHandle.swift in Sources */ = {isa = PBXBuildFile; fileRef = 406769D67F45636883C7A794 /* MapResizeHandle.swift */; };
		19444B328ADE1BDADE39C990 /* NotificationSettingsStateTests.swift in Sources */ = {isa = PBXBuildFile; fileRef = 110AD9FC35B9B74F20358F50 /* NotificationSettingsStateTests.swift */; };
		236FFC17F60E79744D2296E3 /* ShortlistWidgetView.swift in Sources */ = {isa = PBXBuildFile; fileRef = 7C374D590D0DB48C3B165D63 /* ShortlistWidgetView.swift */; };
		2A74A8E81EEBF5310F3F9DF9 /* SpeciesDetailView.swift in Sources */ = {isa = PBXBuildFile; fileRef = B41CD56B6EA7546BE828E356 /* SpeciesDetailView.swift */; };
		2C2C190D6F520DB4BEDEBDB4 /* CachedAsyncImage.swift in Sources */ = {isa = PBXBuildFile; fileRef = 54F80C4161C989E348E7F683 /* CachedAsyncImage.swift */; };
		2F8DB67CA5A51FA41EE1A2DF /* CanopyLightView.swift in Sources */ = {isa = PBXBuildFile; fileRef = 0663AE9DE1E9AEFE66412B2E /* CanopyLightView.swift */; };
		32B76617FFC241BA6715EA65 /* AppState.swift in Sources */ = {isa = PBXBuildFile; fileRef = D2D0E1BA2D29697E1EE3ACA0 /* AppState.swift */; };
		38BF2E5932B7C87CDCC1072A /* WidgetReloading.swift in Sources */ = {isa = PBXBuildFile; fileRef = EB6EFE36C5769E4BD4C6359A /* WidgetReloading.swift */; };
		3BBC21D29B9E82DD1D43011D /* RegionWeatherState.swift in Sources */ = {isa = PBXBuildFile; fileRef = D0153180DAA3EEF038D06C43 /* RegionWeatherState.swift */; };
		43A734B64961434BB158661E /* MapScreenState.swift in Sources */ = {isa = PBXBuildFile; fileRef = C6B2C7634179D7F2C2F0DAE0 /* MapScreenState.swift */; };
		4A6A84D5C179D025C3C2B2A8 /* SpyWidgetReloader.swift in Sources */ = {isa = PBXBuildFile; fileRef = 2CDC18618DDF39FAA6E66948 /* SpyWidgetReloader.swift */; };
		4B0915BCA4766B74EC78D523 /* ScoreDotsView.swift in Sources */ = {isa = PBXBuildFile; fileRef = 9D621AB64829FC3E73610130 /* ScoreDotsView.swift */; };
		4E02707B4CA92BC11550A3C6 /* NotificationPoster.swift in Sources */ = {isa = PBXBuildFile; fileRef = F0A73DD10B0C80DC04F1C19E /* NotificationPoster.swift */; };
		534EE6B719E4EFF861B5CA40 /* MushroomSignalApp.swift in Sources */ = {isa = PBXBuildFile; fileRef = 052C8A78E1FA1937EA12ED61 /* MushroomSignalApp.swift */; };
		552C06B7AC1611B6F2553245 /* ForestIcons.swift in Sources */ = {isa = PBXBuildFile; fileRef = 06EF8D1E5F4C3D10D7F82FBB /* ForestIcons.swift */; };
		5A1AFB398EF3A754F7242101 /* InteractiveMapView.swift in Sources */ = {isa = PBXBuildFile; fileRef = 254BA84FC5D0A897D3720F4E /* InteractiveMapView.swift */; };
		7BE5D899F205D99113B3E3A5 /* ForestDivider.swift in Sources */ = {isa = PBXBuildFile; fileRef = 927D746B48AFA1D460B8B176 /* ForestDivider.swift */; };
		8C9AB5CBE17B3271E4716C15 /* PredpovedView.swift in Sources */ = {isa = PBXBuildFile; fileRef = 461BDE4B8F800D9D3ECFEC01 /* PredpovedView.swift */; };
		8FC572486E6D957D108BA05F /* SpeciesTrendState.swift in Sources */ = {isa = PBXBuildFile; fileRef = 94F63D66DD01AC73FEAB0332 /* SpeciesTrendState.swift */; };
		90410647C8266446E776F743 /* MapScreenStateTests.swift in Sources */ = {isa = PBXBuildFile; fileRef = BAD99729FBB887B89C2D3D43 /* MapScreenStateTests.swift */; };
		92DA8D91ED83F72AC9844687 /* MushroomSignalHeroMiniChart.swift in Sources */ = {isa = PBXBuildFile; fileRef = D2873607D9B184A734EFDF44 /* MushroomSignalHeroMiniChart.swift */; };
		96E7631C25E789C9C16F2CC0 /* WeatherRainChartView.swift in Sources */ = {isa = PBXBuildFile; fileRef = C9073E159ADEB9895195E4C3 /* WeatherRainChartView.swift */; };
		9EFD2075FC090FC7141C0A92 /* CompactSpeciesCardView.swift in Sources */ = {isa = PBXBuildFile; fileRef = 4FB63E46C4F16078C8B1F5E8 /* CompactSpeciesCardView.swift */; };
		A077CA036F19536E12341817 /* GrainTexture.swift in Sources */ = {isa = PBXBuildFile; fileRef = 3325BED6124585CBBF2E95B6 /* GrainTexture.swift */; };
		A3FF3637C4ACD5D994391305 /* MushroomSignalCore in Frameworks */ = {isa = PBXBuildFile; productRef = 92DC9F3E451BED501F4B36B6 /* MushroomSignalCore */; };
		A73E3143F33570B52618AE7D /* SpeciesTrendStateTests.swift in Sources */ = {isa = PBXBuildFile; fileRef = CED03FE1A9085BBA24624FA2 /* SpeciesTrendStateTests.swift */; };
		B3E45FAFCA78015CBE59470B /* MushroomSignalWidget.swift in Sources */ = {isa = PBXBuildFile; fileRef = 81841490E6D542F22EC19628 /* MushroomSignalWidget.swift */; };
		BA64615E4595508A662B4059 /* RegionWeatherStateTests.swift in Sources */ = {isa = PBXBuildFile; fileRef = 923689C21202B5775F500EE7 /* RegionWeatherStateTests.swift */; };
		BAB4DFBF3B25AAEFA8DCB13F /* Assets.xcassets in Resources */ = {isa = PBXBuildFile; fileRef = 3ED179E8F93BB1C9D3122168 /* Assets.xcassets */; };
		BB4752D5C0F957258D1DAFA6 /* MushroomSignalHeroView.swift in Sources */ = {isa = PBXBuildFile; fileRef = 755F740BCA17259440C8A702 /* MushroomSignalHeroView.swift */; };
		BE4EB3EB93DC626A0BE2185B /* SpeciesCardView.swift in Sources */ = {isa = PBXBuildFile; fileRef = 1914F91EBAA6F0E2CCC49638 /* SpeciesCardView.swift */; };
		C1196A67D5D55F63E294C062 /* NotificationSettingsView.swift in Sources */ = {isa = PBXBuildFile; fileRef = A000427DD51C4A972F4FED1D /* NotificationSettingsView.swift */; };
		C1289E25CCE0D11F12F3C2F6 /* ContentView.swift in Sources */ = {isa = PBXBuildFile; fileRef = 43F342E2888340E1136922BC /* ContentView.swift */; };
		C4B38ACF47990776E35A665B /* RegionPickerView.swift in Sources */ = {isa = PBXBuildFile; fileRef = D921A8D3EAFD9FF2245F208B /* RegionPickerView.swift */; };
		C68BA2F5676109085C4CC93F /* ForestPanel.swift in Sources */ = {isa = PBXBuildFile; fileRef = 13FEB1FC3AA1622B5B021B3D /* ForestPanel.swift */; };
		C7E40FBE9440D3375902F3D9 /* AppStateTests.swift in Sources */ = {isa = PBXBuildFile; fileRef = 0A1FB316DE56516A4B21295F /* AppStateTests.swift */; };
		CDDAF2974DFCE3BA68B2C332 /* SpeciesLibraryView.swift in Sources */ = {isa = PBXBuildFile; fileRef = C6C6A5C08DAA943049EC5EEB /* SpeciesLibraryView.swift */; };
		CFD0788B994906AEDE71CA3F /* MushroomSignalCore in Frameworks */ = {isa = PBXBuildFile; productRef = 518AEB9EBCD9C69B76B8B277 /* MushroomSignalCore */; };
		E72EC42B78F7DEA7BD50FA91 /* StubWeatherClient.swift in Sources */ = {isa = PBXBuildFile; fileRef = 5CED92FB89921C454532799B /* StubWeatherClient.swift */; };
		F010365685C1926B6E14FE1B /* MushroomSignalWidgetExtension.appex in Embed Foundation Extensions */ = {isa = PBXBuildFile; fileRef = 1A7BF72C08EE790691789972 /* MushroomSignalWidgetExtension.appex */; settings = {ATTRIBUTES = (RemoveHeadersOnCopy, ); }; };
		F1BD6093C300D79918F11F17 /* ShortlistView.swift in Sources */ = {isa = PBXBuildFile; fileRef = E80F3D521EE5DF973B8230E9 /* ShortlistView.swift */; };
		FA4AB7A973E9513B20444774 /* MushroomSignalCore in Frameworks */ = {isa = PBXBuildFile; productRef = F0834182CDF6435077BFE5AA /* MushroomSignalCore */; };
		FB538808A4334D85E46F77DD /* GlassBackground.swift in Sources */ = {isa = PBXBuildFile; fileRef = 2658ADF6E43AD9BFB3C99662 /* GlassBackground.swift */; };
/* End PBXBuildFile section */

/* Begin PBXContainerItemProxy section */
		A117EF630EBA110584CABD46 /* PBXContainerItemProxy */ = {
			isa = PBXContainerItemProxy;
			containerPortal = D2BB48731A8FBB37EBE24A78 /* Project object */;
			proxyType = 1;
			remoteGlobalIDString = 0935386A098E3FD849B54BB7;
			remoteInfo = MushroomSignal;
		};
		F54681973FCF11B73BA1F962 /* PBXContainerItemProxy */ = {
			isa = PBXContainerItemProxy;
			containerPortal = D2BB48731A8FBB37EBE24A78 /* Project object */;
			proxyType = 1;
			remoteGlobalIDString = BBB4BBB332504EEEDB121029;
			remoteInfo = MushroomSignalWidgetExtension;
		};
/* End PBXContainerItemProxy section */

/* Begin PBXCopyFilesBuildPhase section */
		A0FFD038C63CB972AEEEC5D6 /* Embed Foundation Extensions */ = {
			isa = PBXCopyFilesBuildPhase;
			buildActionMask = 2147483647;
			dstPath = "";
			dstSubfolderSpec = 13;
			files = (
				F010365685C1926B6E14FE1B /* MushroomSignalWidgetExtension.appex in Embed Foundation Extensions */,
			);
			name = "Embed Foundation Extensions";
			runOnlyForDeploymentPostprocessing = 0;
		};
/* End PBXCopyFilesBuildPhase section */

/* Begin PBXFileReference section */
		052C8A78E1FA1937EA12ED61 /* MushroomSignalApp.swift */ = {isa = PBXFileReference; lastKnownFileType = sourcecode.swift; path = MushroomSignalApp.swift; sourceTree = "<group>"; };
		0663AE9DE1E9AEFE66412B2E /* CanopyLightView.swift */ = {isa = PBXFileReference; lastKnownFileType = sourcecode.swift; path = CanopyLightView.swift; sourceTree = "<group>"; };
		06EF8D1E5F4C3D10D7F82FBB /* ForestIcons.swift */ = {isa = PBXFileReference; lastKnownFileType = sourcecode.swift; path = ForestIcons.swift; sourceTree = "<group>"; };
		0A1FB316DE56516A4B21295F /* AppStateTests.swift */ = {isa = PBXFileReference; lastKnownFileType = sourcecode.swift; path = AppStateTests.swift; sourceTree = "<group>"; };
		0E508520517A594C06FD0468 /* MapScreenView.swift */ = {isa = PBXFileReference; lastKnownFileType = sourcecode.swift; path = MapScreenView.swift; sourceTree = "<group>"; };
		110AD9FC35B9B74F20358F50 /* NotificationSettingsStateTests.swift */ = {isa = PBXFileReference; lastKnownFileType = sourcecode.swift; path = NotificationSettingsStateTests.swift; sourceTree = "<group>"; };
		13FEB1FC3AA1622B5B021B3D /* ForestPanel.swift */ = {isa = PBXFileReference; lastKnownFileType = sourcecode.swift; path = ForestPanel.swift; sourceTree = "<group>"; };
		1914F91EBAA6F0E2CCC49638 /* SpeciesCardView.swift */ = {isa = PBXFileReference; lastKnownFileType = sourcecode.swift; path = SpeciesCardView.swift; sourceTree = "<group>"; };
		1A7BF72C08EE790691789972 /* MushroomSignalWidgetExtension.appex */ = {isa = PBXFileReference; explicitFileType = "wrapper.app-extension"; includeInIndex = 0; path = MushroomSignalWidgetExtension.appex; sourceTree = BUILT_PRODUCTS_DIR; };
		254BA84FC5D0A897D3720F4E /* InteractiveMapView.swift */ = {isa = PBXFileReference; lastKnownFileType = sourcecode.swift; path = InteractiveMapView.swift; sourceTree = "<group>"; };
		2658ADF6E43AD9BFB3C99662 /* GlassBackground.swift */ = {isa = PBXFileReference; lastKnownFileType = sourcecode.swift; path = GlassBackground.swift; sourceTree = "<group>"; };
		2CDC18618DDF39FAA6E66948 /* SpyWidgetReloader.swift */ = {isa = PBXFileReference; lastKnownFileType = sourcecode.swift; path = SpyWidgetReloader.swift; sourceTree = "<group>"; };
		3325BED6124585CBBF2E95B6 /* GrainTexture.swift */ = {isa = PBXFileReference; lastKnownFileType = sourcecode.swift; path = GrainTexture.swift; sourceTree = "<group>"; };
		3ED179E8F93BB1C9D3122168 /* Assets.xcassets */ = {isa = PBXFileReference; lastKnownFileType = folder.assetcatalog; path = Assets.xcassets; sourceTree = "<group>"; };
		406769D67F45636883C7A794 /* MapResizeHandle.swift */ = {isa = PBXFileReference; lastKnownFileType = sourcecode.swift; path = MapResizeHandle.swift; sourceTree = "<group>"; };
		43F342E2888340E1136922BC /* ContentView.swift */ = {isa = PBXFileReference; lastKnownFileType = sourcecode.swift; path = ContentView.swift; sourceTree = "<group>"; };
		461BDE4B8F800D9D3ECFEC01 /* PredpovedView.swift */ = {isa = PBXFileReference; lastKnownFileType = sourcecode.swift; path = PredpovedView.swift; sourceTree = "<group>"; };
		4FB63E46C4F16078C8B1F5E8 /* CompactSpeciesCardView.swift */ = {isa = PBXFileReference; lastKnownFileType = sourcecode.swift; path = CompactSpeciesCardView.swift; sourceTree = "<group>"; };
		54F80C4161C989E348E7F683 /* CachedAsyncImage.swift */ = {isa = PBXFileReference; lastKnownFileType = sourcecode.swift; path = CachedAsyncImage.swift; sourceTree = "<group>"; };
		5CED92FB89921C454532799B /* StubWeatherClient.swift */ = {isa = PBXFileReference; lastKnownFileType = sourcecode.swift; path = StubWeatherClient.swift; sourceTree = "<group>"; };
		5E4A501888FDE6C76A8CC972 /* MushroomSignalTests.xctest */ = {isa = PBXFileReference; explicitFileType = wrapper.cfbundle; includeInIndex = 0; path = MushroomSignalTests.xctest; sourceTree = BUILT_PRODUCTS_DIR; };
		6FC4F3842084136EC09E4A4E /* MushroomSignalCore */ = {isa = PBXFileReference; lastKnownFileType = folder; name = MushroomSignalCore; path = MushroomSignalCore; sourceTree = SOURCE_ROOT; };
		7121D9BEBDD981DC5A5A7F87 /* MushroomSignalWidgetBundle.swift */ = {isa = PBXFileReference; lastKnownFileType = sourcecode.swift; path = MushroomSignalWidgetBundle.swift; sourceTree = "<group>"; };
		755F740BCA17259440C8A702 /* MushroomSignalHeroView.swift */ = {isa = PBXFileReference; lastKnownFileType = sourcecode.swift; path = MushroomSignalHeroView.swift; sourceTree = "<group>"; };
		774052D1E9A10E6221F64D1D /* MushroomSignalWidget.entitlements */ = {isa = PBXFileReference; lastKnownFileType = text.plist.entitlements; path = MushroomSignalWidget.entitlements; sourceTree = "<group>"; };
		7C374D590D0DB48C3B165D63 /* ShortlistWidgetView.swift */ = {isa = PBXFileReference; lastKnownFileType = sourcecode.swift; path = ShortlistWidgetView.swift; sourceTree = "<group>"; };
		81841490E6D542F22EC19628 /* MushroomSignalWidget.swift */ = {isa = PBXFileReference; lastKnownFileType = sourcecode.swift; path = MushroomSignalWidget.swift; sourceTree = "<group>"; };
		923689C21202B5775F500EE7 /* RegionWeatherStateTests.swift */ = {isa = PBXFileReference; lastKnownFileType = sourcecode.swift; path = RegionWeatherStateTests.swift; sourceTree = "<group>"; };
		927D746B48AFA1D460B8B176 /* ForestDivider.swift */ = {isa = PBXFileReference; lastKnownFileType = sourcecode.swift; path = ForestDivider.swift; sourceTree = "<group>"; };
		94F63D66DD01AC73FEAB0332 /* SpeciesTrendState.swift */ = {isa = PBXFileReference; lastKnownFileType = sourcecode.swift; path = SpeciesTrendState.swift; sourceTree = "<group>"; };
		9799B53210927467F62E21E0 /* MushroomSignal.app */ = {isa = PBXFileReference; explicitFileType = wrapper.application; includeInIndex = 0; path = MushroomSignal.app; sourceTree = BUILT_PRODUCTS_DIR; };
		9D621AB64829FC3E73610130 /* ScoreDotsView.swift */ = {isa = PBXFileReference; lastKnownFileType = sourcecode.swift; path = ScoreDotsView.swift; sourceTree = "<group>"; };
		A000427DD51C4A972F4FED1D /* NotificationSettingsView.swift */ = {isa = PBXFileReference; lastKnownFileType = sourcecode.swift; path = NotificationSettingsView.swift; sourceTree = "<group>"; };
		A00092787872DF0EF407DD3A /* MushroomSignal.entitlements */ = {isa = PBXFileReference; lastKnownFileType = text.plist.entitlements; path = MushroomSignal.entitlements; sourceTree = "<group>"; };
		A231A7819903E4B8552E4F2F /* Info.plist */ = {isa = PBXFileReference; lastKnownFileType = text.plist; path = Info.plist; sourceTree = "<group>"; };
		B41CD56B6EA7546BE828E356 /* SpeciesDetailView.swift */ = {isa = PBXFileReference; lastKnownFileType = sourcecode.swift; path = SpeciesDetailView.swift; sourceTree = "<group>"; };
		BAD99729FBB887B89C2D3D43 /* MapScreenStateTests.swift */ = {isa = PBXFileReference; lastKnownFileType = sourcecode.swift; path = MapScreenStateTests.swift; sourceTree = "<group>"; };
		C06442830610580CEB0AF161 /* PhotoCreditsView.swift */ = {isa = PBXFileReference; lastKnownFileType = sourcecode.swift; path = PhotoCreditsView.swift; sourceTree = "<group>"; };
		C6B2C7634179D7F2C2F0DAE0 /* MapScreenState.swift */ = {isa = PBXFileReference; lastKnownFileType = sourcecode.swift; path = MapScreenState.swift; sourceTree = "<group>"; };
		C6C6A5C08DAA943049EC5EEB /* SpeciesLibraryView.swift */ = {isa = PBXFileReference; lastKnownFileType = sourcecode.swift; path = SpeciesLibraryView.swift; sourceTree = "<group>"; };
		C9073E159ADEB9895195E4C3 /* WeatherRainChartView.swift */ = {isa = PBXFileReference; lastKnownFileType = sourcecode.swift; path = WeatherRainChartView.swift; sourceTree = "<group>"; };
		CED03FE1A9085BBA24624FA2 /* SpeciesTrendStateTests.swift */ = {isa = PBXFileReference; lastKnownFileType = sourcecode.swift; path = SpeciesTrendStateTests.swift; sourceTree = "<group>"; };
		D0153180DAA3EEF038D06C43 /* RegionWeatherState.swift */ = {isa = PBXFileReference; lastKnownFileType = sourcecode.swift; path = RegionWeatherState.swift; sourceTree = "<group>"; };
		D2873607D9B184A734EFDF44 /* MushroomSignalHeroMiniChart.swift */ = {isa = PBXFileReference; lastKnownFileType = sourcecode.swift; path = MushroomSignalHeroMiniChart.swift; sourceTree = "<group>"; };
		D2D0E1BA2D29697E1EE3ACA0 /* AppState.swift */ = {isa = PBXFileReference; lastKnownFileType = sourcecode.swift; path = AppState.swift; sourceTree = "<group>"; };
		D921A8D3EAFD9FF2245F208B /* RegionPickerView.swift */ = {isa = PBXFileReference; lastKnownFileType = sourcecode.swift; path = RegionPickerView.swift; sourceTree = "<group>"; };
		DD306E3B17FFEF1E874435FC /* NotificationSettingsState.swift */ = {isa = PBXFileReference; lastKnownFileType = sourcecode.swift; path = NotificationSettingsState.swift; sourceTree = "<group>"; };
		E80F3D521EE5DF973B8230E9 /* ShortlistView.swift */ = {isa = PBXFileReference; lastKnownFileType = sourcecode.swift; path = ShortlistView.swift; sourceTree = "<group>"; };
		EB6EFE36C5769E4BD4C6359A /* WidgetReloading.swift */ = {isa = PBXFileReference; lastKnownFileType = sourcecode.swift; path = WidgetReloading.swift; sourceTree = "<group>"; };
		F0A73DD10B0C80DC04F1C19E /* NotificationPoster.swift */ = {isa = PBXFileReference; lastKnownFileType = sourcecode.swift; path = NotificationPoster.swift; sourceTree = "<group>"; };
		F760EE22AEDBFFBA81A41414 /* Info.plist */ = {isa = PBXFileReference; lastKnownFileType = text.plist; path = Info.plist; sourceTree = "<group>"; };
/* End PBXFileReference section */

/* Begin PBXFrameworksBuildPhase section */
		4F4666138E29B47E861FD142 /* Frameworks */ = {
			isa = PBXFrameworksBuildPhase;
			buildActionMask = 2147483647;
			files = (
				CFD0788B994906AEDE71CA3F /* MushroomSignalCore in Frameworks */,
			);
			runOnlyForDeploymentPostprocessing = 0;
		};
		51E20F93F0C61AB34AD765C7 /* Frameworks */ = {
			isa = PBXFrameworksBuildPhase;
			buildActionMask = 2147483647;
			files = (
				A3FF3637C4ACD5D994391305 /* MushroomSignalCore in Frameworks */,
			);
			runOnlyForDeploymentPostprocessing = 0;
		};
		89383E90A4EC712654114A9D /* Frameworks */ = {
			isa = PBXFrameworksBuildPhase;
			buildActionMask = 2147483647;
			files = (
				FA4AB7A973E9513B20444774 /* MushroomSignalCore in Frameworks */,
			);
			runOnlyForDeploymentPostprocessing = 0;
		};
/* End PBXFrameworksBuildPhase section */

/* Begin PBXGroup section */
		181FD1C255476D8C1BAF3947 /* Views */ = {
			isa = PBXGroup;
			children = (
				54F80C4161C989E348E7F683 /* CachedAsyncImage.swift */,
				0663AE9DE1E9AEFE66412B2E /* CanopyLightView.swift */,
				4FB63E46C4F16078C8B1F5E8 /* CompactSpeciesCardView.swift */,
				927D746B48AFA1D460B8B176 /* ForestDivider.swift */,
				06EF8D1E5F4C3D10D7F82FBB /* ForestIcons.swift */,
				13FEB1FC3AA1622B5B021B3D /* ForestPanel.swift */,
				2658ADF6E43AD9BFB3C99662 /* GlassBackground.swift */,
				3325BED6124585CBBF2E95B6 /* GrainTexture.swift */,
				254BA84FC5D0A897D3720F4E /* InteractiveMapView.swift */,
				406769D67F45636883C7A794 /* MapResizeHandle.swift */,
				0E508520517A594C06FD0468 /* MapScreenView.swift */,
				D2873607D9B184A734EFDF44 /* MushroomSignalHeroMiniChart.swift */,
				755F740BCA17259440C8A702 /* MushroomSignalHeroView.swift */,
				A000427DD51C4A972F4FED1D /* NotificationSettingsView.swift */,
				C06442830610580CEB0AF161 /* PhotoCreditsView.swift */,
				461BDE4B8F800D9D3ECFEC01 /* PredpovedView.swift */,
				D921A8D3EAFD9FF2245F208B /* RegionPickerView.swift */,
				9D621AB64829FC3E73610130 /* ScoreDotsView.swift */,
				E80F3D521EE5DF973B8230E9 /* ShortlistView.swift */,
				1914F91EBAA6F0E2CCC49638 /* SpeciesCardView.swift */,
				B41CD56B6EA7546BE828E356 /* SpeciesDetailView.swift */,
				C6C6A5C08DAA943049EC5EEB /* SpeciesLibraryView.swift */,
				C9073E159ADEB9895195E4C3 /* WeatherRainChartView.swift */,
			);
			path = Views;
			sourceTree = "<group>";
		};
		296C08566C5B9270F6384589 /* MushroomSignalWidget */ = {
			isa = PBXGroup;
			children = (
				A231A7819903E4B8552E4F2F /* Info.plist */,
				774052D1E9A10E6221F64D1D /* MushroomSignalWidget.entitlements */,
				81841490E6D542F22EC19628 /* MushroomSignalWidget.swift */,
				7121D9BEBDD981DC5A5A7F87 /* MushroomSignalWidgetBundle.swift */,
				F0A73DD10B0C80DC04F1C19E /* NotificationPoster.swift */,
				7C374D590D0DB48C3B165D63 /* ShortlistWidgetView.swift */,
			);
			path = MushroomSignalWidget;
			sourceTree = "<group>";
		};
		32CD59D4050E67DA9F79220B /* Packages */ = {
			isa = PBXGroup;
			children = (
				6FC4F3842084136EC09E4A4E /* MushroomSignalCore */,
			);
			name = Packages;
			sourceTree = "<group>";
		};
		45DE8E05782BF30236106D39 /* MushroomSignalTests */ = {
			isa = PBXGroup;
			children = (
				0A1FB316DE56516A4B21295F /* AppStateTests.swift */,
				BAD99729FBB887B89C2D3D43 /* MapScreenStateTests.swift */,
				110AD9FC35B9B74F20358F50 /* NotificationSettingsStateTests.swift */,
				923689C21202B5775F500EE7 /* RegionWeatherStateTests.swift */,
				CED03FE1A9085BBA24624FA2 /* SpeciesTrendStateTests.swift */,
				2CDC18618DDF39FAA6E66948 /* SpyWidgetReloader.swift */,
				5CED92FB89921C454532799B /* StubWeatherClient.swift */,
			);
			path = MushroomSignalTests;
			sourceTree = "<group>";
		};
		51B7EE5007472B06193D623D /* Products */ = {
			isa = PBXGroup;
			children = (
				9799B53210927467F62E21E0 /* MushroomSignal.app */,
				5E4A501888FDE6C76A8CC972 /* MushroomSignalTests.xctest */,
				1A7BF72C08EE790691789972 /* MushroomSignalWidgetExtension.appex */,
			);
			name = Products;
			sourceTree = "<group>";
		};
		B2FF360E605F924404F14A5C = {
			isa = PBXGroup;
			children = (
				D21255788EE3A036EB8424A6 /* MushroomSignal */,
				45DE8E05782BF30236106D39 /* MushroomSignalTests */,
				296C08566C5B9270F6384589 /* MushroomSignalWidget */,
				32CD59D4050E67DA9F79220B /* Packages */,
				51B7EE5007472B06193D623D /* Products */,
			);
			sourceTree = "<group>";
		};
		D21255788EE3A036EB8424A6 /* MushroomSignal */ = {
			isa = PBXGroup;
			children = (
				D2D0E1BA2D29697E1EE3ACA0 /* AppState.swift */,
				3ED179E8F93BB1C9D3122168 /* Assets.xcassets */,
				43F342E2888340E1136922BC /* ContentView.swift */,
				F760EE22AEDBFFBA81A41414 /* Info.plist */,
				C6B2C7634179D7F2C2F0DAE0 /* MapScreenState.swift */,
				A00092787872DF0EF407DD3A /* MushroomSignal.entitlements */,
				052C8A78E1FA1937EA12ED61 /* MushroomSignalApp.swift */,
				DD306E3B17FFEF1E874435FC /* NotificationSettingsState.swift */,
				D0153180DAA3EEF038D06C43 /* RegionWeatherState.swift */,
				94F63D66DD01AC73FEAB0332 /* SpeciesTrendState.swift */,
				EB6EFE36C5769E4BD4C6359A /* WidgetReloading.swift */,
				181FD1C255476D8C1BAF3947 /* Views */,
			);
			path = MushroomSignal;
			sourceTree = "<group>";
		};
/* End PBXGroup section */

/* Begin PBXNativeTarget section */
		0935386A098E3FD849B54BB7 /* MushroomSignal */ = {
			isa = PBXNativeTarget;
			buildConfigurationList = 0B12A4700C5DA6705BCC81B6 /* Build configuration list for PBXNativeTarget "MushroomSignal" */;
			buildPhases = (
				93729412E2565DFCE32D216A /* Sources */,
				15C6D9857BA855223E8756B0 /* Resources */,
				4F4666138E29B47E861FD142 /* Frameworks */,
				A0FFD038C63CB972AEEEC5D6 /* Embed Foundation Extensions */,
			);
			buildRules = (
			);
			dependencies = (
				11E819E79E960044E0D13375 /* PBXTargetDependency */,
			);
			name = MushroomSignal;
			packageProductDependencies = (
				518AEB9EBCD9C69B76B8B277 /* MushroomSignalCore */,
			);
			productName = MushroomSignal;
			productReference = 9799B53210927467F62E21E0 /* MushroomSignal.app */;
			productType = "com.apple.product-type.application";
		};
		7BE90E053F3D5ADD56BC0BD4 /* MushroomSignalTests */ = {
			isa = PBXNativeTarget;
			buildConfigurationList = 5A6A833D9D35DCC18A8283DC /* Build configuration list for PBXNativeTarget "MushroomSignalTests" */;
			buildPhases = (
				3E2EE721B481354192A4093E /* Sources */,
				89383E90A4EC712654114A9D /* Frameworks */,
			);
			buildRules = (
			);
			dependencies = (
				64F93FD73233BDC0C4D6ACE5 /* PBXTargetDependency */,
			);
			name = MushroomSignalTests;
			packageProductDependencies = (
				F0834182CDF6435077BFE5AA /* MushroomSignalCore */,
			);
			productName = MushroomSignalTests;
			productReference = 5E4A501888FDE6C76A8CC972 /* MushroomSignalTests.xctest */;
			productType = "com.apple.product-type.bundle.unit-test";
		};
		BBB4BBB332504EEEDB121029 /* MushroomSignalWidgetExtension */ = {
			isa = PBXNativeTarget;
			buildConfigurationList = E278E23BC686016B17909526 /* Build configuration list for PBXNativeTarget "MushroomSignalWidgetExtension" */;
			buildPhases = (
				82B76F782CD7242D5B48EDB9 /* Sources */,
				51E20F93F0C61AB34AD765C7 /* Frameworks */,
			);
			buildRules = (
			);
			dependencies = (
			);
			name = MushroomSignalWidgetExtension;
			packageProductDependencies = (
				92DC9F3E451BED501F4B36B6 /* MushroomSignalCore */,
			);
			productName = MushroomSignalWidgetExtension;
			productReference = 1A7BF72C08EE790691789972 /* MushroomSignalWidgetExtension.appex */;
			productType = "com.apple.product-type.app-extension";
		};
/* End PBXNativeTarget section */

/* Begin PBXProject section */
		D2BB48731A8FBB37EBE24A78 /* Project object */ = {
			isa = PBXProject;
			attributes = {
				BuildIndependentTargetsInParallel = YES;
				LastUpgradeCheck = 1430;
				TargetAttributes = {
					0935386A098E3FD849B54BB7 = {
						DevelopmentTeam = UMPK75W8X6;
						ProvisioningStyle = Automatic;
					};
					7BE90E053F3D5ADD56BC0BD4 = {
						ProvisioningStyle = Automatic;
					};
					BBB4BBB332504EEEDB121029 = {
						DevelopmentTeam = UMPK75W8X6;
						ProvisioningStyle = Automatic;
					};
				};
			};
			buildConfigurationList = 6DAAE456FC07E100B89E9E83 /* Build configuration list for PBXProject "MushroomSignal" */;
			developmentRegion = en;
			hasScannedForEncodings = 0;
			knownRegions = (
				Base,
				en,
			);
			mainGroup = B2FF360E605F924404F14A5C;
			minimizedProjectReferenceProxies = 1;
			packageReferences = (
				61847B2BD52560B11BD06C5B /* XCLocalSwiftPackageReference "MushroomSignalCore" */,
			);
			preferredProjectObjectVersion = 77;
			productRefGroup = 51B7EE5007472B06193D623D /* Products */;
			projectDirPath = "";
			projectRoot = "";
			targets = (
				0935386A098E3FD849B54BB7 /* MushroomSignal */,
				7BE90E053F3D5ADD56BC0BD4 /* MushroomSignalTests */,
				BBB4BBB332504EEEDB121029 /* MushroomSignalWidgetExtension */,
			);
		};
/* End PBXProject section */

/* Begin PBXResourcesBuildPhase section */
		15C6D9857BA855223E8756B0 /* Resources */ = {
			isa = PBXResourcesBuildPhase;
			buildActionMask = 2147483647;
			files = (
				BAB4DFBF3B25AAEFA8DCB13F /* Assets.xcassets in Resources */,
			);
			runOnlyForDeploymentPostprocessing = 0;
		};
/* End PBXResourcesBuildPhase section */

/* Begin PBXSourcesBuildPhase section */
		3E2EE721B481354192A4093E /* Sources */ = {
			isa = PBXSourcesBuildPhase;
			buildActionMask = 2147483647;
			files = (
				C7E40FBE9440D3375902F3D9 /* AppStateTests.swift in Sources */,
				90410647C8266446E776F743 /* MapScreenStateTests.swift in Sources */,
				19444B328ADE1BDADE39C990 /* NotificationSettingsStateTests.swift in Sources */,
				BA64615E4595508A662B4059 /* RegionWeatherStateTests.swift in Sources */,
				A73E3143F33570B52618AE7D /* SpeciesTrendStateTests.swift in Sources */,
				4A6A84D5C179D025C3C2B2A8 /* SpyWidgetReloader.swift in Sources */,
				E72EC42B78F7DEA7BD50FA91 /* StubWeatherClient.swift in Sources */,
			);
			runOnlyForDeploymentPostprocessing = 0;
		};
		82B76F782CD7242D5B48EDB9 /* Sources */ = {
			isa = PBXSourcesBuildPhase;
			buildActionMask = 2147483647;
			files = (
				B3E45FAFCA78015CBE59470B /* MushroomSignalWidget.swift in Sources */,
				03E7041F6EA3BB051106A46E /* MushroomSignalWidgetBundle.swift in Sources */,
				4E02707B4CA92BC11550A3C6 /* NotificationPoster.swift in Sources */,
				236FFC17F60E79744D2296E3 /* ShortlistWidgetView.swift in Sources */,
			);
			runOnlyForDeploymentPostprocessing = 0;
		};
		93729412E2565DFCE32D216A /* Sources */ = {
			isa = PBXSourcesBuildPhase;
			buildActionMask = 2147483647;
			files = (
				32B76617FFC241BA6715EA65 /* AppState.swift in Sources */,
				2C2C190D6F520DB4BEDEBDB4 /* CachedAsyncImage.swift in Sources */,
				2F8DB67CA5A51FA41EE1A2DF /* CanopyLightView.swift in Sources */,
				9EFD2075FC090FC7141C0A92 /* CompactSpeciesCardView.swift in Sources */,
				C1289E25CCE0D11F12F3C2F6 /* ContentView.swift in Sources */,
				7BE5D899F205D99113B3E3A5 /* ForestDivider.swift in Sources */,
				552C06B7AC1611B6F2553245 /* ForestIcons.swift in Sources */,
				C68BA2F5676109085C4CC93F /* ForestPanel.swift in Sources */,
				FB538808A4334D85E46F77DD /* GlassBackground.swift in Sources */,
				A077CA036F19536E12341817 /* GrainTexture.swift in Sources */,
				5A1AFB398EF3A754F7242101 /* InteractiveMapView.swift in Sources */,
				19426F3C206A152A238DE8FC /* MapResizeHandle.swift in Sources */,
				43A734B64961434BB158661E /* MapScreenState.swift in Sources */,
				16E3AAA1E68A9D8C55B22B38 /* MapScreenView.swift in Sources */,
				534EE6B719E4EFF861B5CA40 /* MushroomSignalApp.swift in Sources */,
				92DA8D91ED83F72AC9844687 /* MushroomSignalHeroMiniChart.swift in Sources */,
				BB4752D5C0F957258D1DAFA6 /* MushroomSignalHeroView.swift in Sources */,
				0DDA9573388B544E8983F1DD /* NotificationSettingsState.swift in Sources */,
				C1196A67D5D55F63E294C062 /* NotificationSettingsView.swift in Sources */,
				0FAF8DADEDA96F713383337F /* PhotoCreditsView.swift in Sources */,
				8C9AB5CBE17B3271E4716C15 /* PredpovedView.swift in Sources */,
				C4B38ACF47990776E35A665B /* RegionPickerView.swift in Sources */,
				3BBC21D29B9E82DD1D43011D /* RegionWeatherState.swift in Sources */,
				4B0915BCA4766B74EC78D523 /* ScoreDotsView.swift in Sources */,
				F1BD6093C300D79918F11F17 /* ShortlistView.swift in Sources */,
				BE4EB3EB93DC626A0BE2185B /* SpeciesCardView.swift in Sources */,
				2A74A8E81EEBF5310F3F9DF9 /* SpeciesDetailView.swift in Sources */,
				CDDAF2974DFCE3BA68B2C332 /* SpeciesLibraryView.swift in Sources */,
				8FC572486E6D957D108BA05F /* SpeciesTrendState.swift in Sources */,
				96E7631C25E789C9C16F2CC0 /* WeatherRainChartView.swift in Sources */,
				38BF2E5932B7C87CDCC1072A /* WidgetReloading.swift in Sources */,
			);
			runOnlyForDeploymentPostprocessing = 0;
		};
/* End PBXSourcesBuildPhase section */

/* Begin PBXTargetDependency section */
		11E819E79E960044E0D13375 /* PBXTargetDependency */ = {
			isa = PBXTargetDependency;
			target = BBB4BBB332504EEEDB121029 /* MushroomSignalWidgetExtension */;
			targetProxy = F54681973FCF11B73BA1F962 /* PBXContainerItemProxy */;
		};
		64F93FD73233BDC0C4D6ACE5 /* PBXTargetDependency */ = {
			isa = PBXTargetDependency;
			target = 0935386A098E3FD849B54BB7 /* MushroomSignal */;
			targetProxy = A117EF630EBA110584CABD46 /* PBXContainerItemProxy */;
		};
/* End PBXTargetDependency section */

/* Begin XCBuildConfiguration section */
		300C6D0AB14AFFA03D43AABC /* Release */ = {
			isa = XCBuildConfiguration;
			buildSettings = {
				ALWAYS_SEARCH_USER_PATHS = NO;
				CLANG_ANALYZER_NONNULL = YES;
				CLANG_ANALYZER_NUMBER_OBJECT_CONVERSION = YES_AGGRESSIVE;
				CLANG_CXX_LANGUAGE_STANDARD = "gnu++14";
				CLANG_CXX_LIBRARY = "libc++";
				CLANG_ENABLE_MODULES = YES;
				CLANG_ENABLE_OBJC_ARC = YES;
				CLANG_ENABLE_OBJC_WEAK = YES;
				CLANG_WARN_BLOCK_CAPTURE_AUTORELEASING = YES;
				CLANG_WARN_BOOL_CONVERSION = YES;
				CLANG_WARN_COMMA = YES;
				CLANG_WARN_CONSTANT_CONVERSION = YES;
				CLANG_WARN_DEPRECATED_OBJC_IMPLEMENTATIONS = YES;
				CLANG_WARN_DIRECT_OBJC_ISA_USAGE = YES_ERROR;
				CLANG_WARN_DOCUMENTATION_COMMENTS = YES;
				CLANG_WARN_EMPTY_BODY = YES;
				CLANG_WARN_ENUM_CONVERSION = YES;
				CLANG_WARN_INFINITE_RECURSION = YES;
				CLANG_WARN_INT_CONVERSION = YES;
				CLANG_WARN_NON_LITERAL_NULL_CONVERSION = YES;
				CLANG_WARN_OBJC_IMPLICIT_RETAIN_SELF = YES;
				CLANG_WARN_OBJC_LITERAL_CONVERSION = YES;
				CLANG_WARN_OBJC_ROOT_CLASS = YES_ERROR;
				CLANG_WARN_QUOTED_INCLUDE_IN_FRAMEWORK_HEADER = YES;
				CLANG_WARN_RANGE_LOOP_ANALYSIS = YES;
				CLANG_WARN_STRICT_PROTOTYPES = YES;
				CLANG_WARN_SUSPICIOUS_MOVE = YES;
				CLANG_WARN_UNGUARDED_AVAILABILITY = YES_AGGRESSIVE;
				CLANG_WARN_UNREACHABLE_CODE = YES;
				CLANG_WARN__DUPLICATE_METHOD_MATCH = YES;
				COPY_PHASE_STRIP = NO;
				DEBUG_INFORMATION_FORMAT = "dwarf-with-dsym";
				ENABLE_NS_ASSERTIONS = NO;
				ENABLE_STRICT_OBJC_MSGSEND = YES;
				GCC_C_LANGUAGE_STANDARD = gnu11;
				GCC_NO_COMMON_BLOCKS = YES;
				GCC_WARN_64_TO_32_BIT_CONVERSION = YES;
				GCC_WARN_ABOUT_RETURN_TYPE = YES_ERROR;
				GCC_WARN_UNDECLARED_SELECTOR = YES;
				GCC_WARN_UNINITIALIZED_AUTOS = YES_AGGRESSIVE;
				GCC_WARN_UNUSED_FUNCTION = YES;
				GCC_WARN_UNUSED_VARIABLE = YES;
				MACOSX_DEPLOYMENT_TARGET = 14.0;
				MTL_ENABLE_DEBUG_INFO = NO;
				MTL_FAST_MATH = YES;
				PRODUCT_NAME = "$(TARGET_NAME)";
				SDKROOT = macosx;
				SWIFT_COMPILATION_MODE = wholemodule;
				SWIFT_OPTIMIZATION_LEVEL = "-O";
				SWIFT_VERSION = 5.0;
			};
			name = Release;
		};
		48722705184DDF3ED865773A /* Release */ = {
			isa = XCBuildConfiguration;
			buildSettings = {
				ASSETCATALOG_COMPILER_APPICON_NAME = AppIcon;
				CODE_SIGN_ENTITLEMENTS = MushroomSignal/MushroomSignal.entitlements;
				CODE_SIGN_STYLE = Automatic;
				COMBINE_HIDPI_IMAGES = YES;
				CURRENT_PROJECT_VERSION = 0.11;
				DEVELOPMENT_TEAM = UMPK75W8X6;
				INFOPLIST_FILE = MushroomSignal/Info.plist;
				LD_RUNPATH_SEARCH_PATHS = (
					"$(inherited)",
					"@executable_path/../Frameworks",
				);
				MARKETING_VERSION = 0.01;
				PRODUCT_BUNDLE_IDENTIFIER = com.alexandersalinka.MushroomSignal;
				SDKROOT = macosx;
			};
			name = Release;
		};
		620E38A35103265BA953EBD2 /* Debug */ = {
			isa = XCBuildConfiguration;
			buildSettings = {
				ASSETCATALOG_COMPILER_APPICON_NAME = AppIcon;
				CODE_SIGN_ENTITLEMENTS = MushroomSignal/MushroomSignal.entitlements;
				CODE_SIGN_STYLE = Automatic;
				COMBINE_HIDPI_IMAGES = YES;
				CURRENT_PROJECT_VERSION = 0.11;
				DEVELOPMENT_TEAM = UMPK75W8X6;
				INFOPLIST_FILE = MushroomSignal/Info.plist;
				LD_RUNPATH_SEARCH_PATHS = (
					"$(inherited)",
					"@executable_path/../Frameworks",
				);
				MARKETING_VERSION = 0.01;
				PRODUCT_BUNDLE_IDENTIFIER = com.alexandersalinka.MushroomSignal;
				SDKROOT = macosx;
			};
			name = Debug;
		};
		7B75B228E75624D52850FEA4 /* Release */ = {
			isa = XCBuildConfiguration;
			buildSettings = {
				BUNDLE_LOADER = "$(TEST_HOST)";
				CODE_SIGN_STYLE = Automatic;
				COMBINE_HIDPI_IMAGES = YES;
				GENERATE_INFOPLIST_FILE = YES;
				LD_RUNPATH_SEARCH_PATHS = (
					"$(inherited)",
					"@executable_path/../Frameworks",
					"@loader_path/../Frameworks",
				);
				PRODUCT_BUNDLE_IDENTIFIER = com.alexandersalinka.MushroomSignalTests;
				SDKROOT = macosx;
				TEST_HOST = "$(BUILT_PRODUCTS_DIR)/MushroomSignal.app/Contents/MacOS/MushroomSignal";
			};
			name = Release;
		};
		B3209E2760C62126E786DD2B /* Debug */ = {
			isa = XCBuildConfiguration;
			buildSettings = {
				CODE_SIGN_ENTITLEMENTS = MushroomSignalWidget/MushroomSignalWidget.entitlements;
				CODE_SIGN_STYLE = Automatic;
				COMBINE_HIDPI_IMAGES = YES;
				CURRENT_PROJECT_VERSION = 0.11;
				DEVELOPMENT_TEAM = UMPK75W8X6;
				INFOPLIST_FILE = MushroomSignalWidget/Info.plist;
				LD_RUNPATH_SEARCH_PATHS = (
					"$(inherited)",
					"@executable_path/../Frameworks",
					"@executable_path/../../../../Frameworks",
				);
				MARKETING_VERSION = 0.01;
				PRODUCT_BUNDLE_IDENTIFIER = com.alexandersalinka.MushroomSignal.Widget;
				SDKROOT = macosx;
			};
			name = Debug;
		};
		C97D746C76BDCF09D70E03BC /* Debug */ = {
			isa = XCBuildConfiguration;
			buildSettings = {
				BUNDLE_LOADER = "$(TEST_HOST)";
				CODE_SIGN_STYLE = Automatic;
				COMBINE_HIDPI_IMAGES = YES;
				GENERATE_INFOPLIST_FILE = YES;
				LD_RUNPATH_SEARCH_PATHS = (
					"$(inherited)",
					"@executable_path/../Frameworks",
					"@loader_path/../Frameworks",
				);
				PRODUCT_BUNDLE_IDENTIFIER = com.alexandersalinka.MushroomSignalTests;
				SDKROOT = macosx;
				TEST_HOST = "$(BUILT_PRODUCTS_DIR)/MushroomSignal.app/Contents/MacOS/MushroomSignal";
			};
			name = Debug;
		};
		D94D7C9FB605DC7F74CBC2B1 /* Debug */ = {
			isa = XCBuildConfiguration;
			buildSettings = {
				ALWAYS_SEARCH_USER_PATHS = NO;
				CLANG_ANALYZER_NONNULL = YES;
				CLANG_ANALYZER_NUMBER_OBJECT_CONVERSION = YES_AGGRESSIVE;
				CLANG_CXX_LANGUAGE_STANDARD = "gnu++14";
				CLANG_CXX_LIBRARY = "libc++";
				CLANG_ENABLE_MODULES = YES;
				CLANG_ENABLE_OBJC_ARC = YES;
				CLANG_ENABLE_OBJC_WEAK = YES;
				CLANG_WARN_BLOCK_CAPTURE_AUTORELEASING = YES;
				CLANG_WARN_BOOL_CONVERSION = YES;
				CLANG_WARN_COMMA = YES;
				CLANG_WARN_CONSTANT_CONVERSION = YES;
				CLANG_WARN_DEPRECATED_OBJC_IMPLEMENTATIONS = YES;
				CLANG_WARN_DIRECT_OBJC_ISA_USAGE = YES_ERROR;
				CLANG_WARN_DOCUMENTATION_COMMENTS = YES;
				CLANG_WARN_EMPTY_BODY = YES;
				CLANG_WARN_ENUM_CONVERSION = YES;
				CLANG_WARN_INFINITE_RECURSION = YES;
				CLANG_WARN_INT_CONVERSION = YES;
				CLANG_WARN_NON_LITERAL_NULL_CONVERSION = YES;
				CLANG_WARN_OBJC_IMPLICIT_RETAIN_SELF = YES;
				CLANG_WARN_OBJC_LITERAL_CONVERSION = YES;
				CLANG_WARN_OBJC_ROOT_CLASS = YES_ERROR;
				CLANG_WARN_QUOTED_INCLUDE_IN_FRAMEWORK_HEADER = YES;
				CLANG_WARN_RANGE_LOOP_ANALYSIS = YES;
				CLANG_WARN_STRICT_PROTOTYPES = YES;
				CLANG_WARN_SUSPICIOUS_MOVE = YES;
				CLANG_WARN_UNGUARDED_AVAILABILITY = YES_AGGRESSIVE;
				CLANG_WARN_UNREACHABLE_CODE = YES;
				CLANG_WARN__DUPLICATE_METHOD_MATCH = YES;
				COPY_PHASE_STRIP = NO;
				DEBUG_INFORMATION_FORMAT = dwarf;
				ENABLE_STRICT_OBJC_MSGSEND = YES;
				ENABLE_TESTABILITY = YES;
				GCC_C_LANGUAGE_STANDARD = gnu11;
				GCC_DYNAMIC_NO_PIC = NO;
				GCC_NO_COMMON_BLOCKS = YES;
				GCC_OPTIMIZATION_LEVEL = 0;
				GCC_PREPROCESSOR_DEFINITIONS = (
					"$(inherited)",
					"DEBUG=1",
				);
				GCC_WARN_64_TO_32_BIT_CONVERSION = YES;
				GCC_WARN_ABOUT_RETURN_TYPE = YES_ERROR;
				GCC_WARN_UNDECLARED_SELECTOR = YES;
				GCC_WARN_UNINITIALIZED_AUTOS = YES_AGGRESSIVE;
				GCC_WARN_UNUSED_FUNCTION = YES;
				GCC_WARN_UNUSED_VARIABLE = YES;
				MACOSX_DEPLOYMENT_TARGET = 14.0;
				MTL_ENABLE_DEBUG_INFO = INCLUDE_SOURCE;
				MTL_FAST_MATH = YES;
				ONLY_ACTIVE_ARCH = YES;
				PRODUCT_NAME = "$(TARGET_NAME)";
				SDKROOT = macosx;
				SWIFT_ACTIVE_COMPILATION_CONDITIONS = DEBUG;
				SWIFT_OPTIMIZATION_LEVEL = "-Onone";
				SWIFT_VERSION = 5.0;
			};
			name = Debug;
		};
		F7AF066E42325C55B2825406 /* Release */ = {
			isa = XCBuildConfiguration;
			buildSettings = {
				CODE_SIGN_ENTITLEMENTS = MushroomSignalWidget/MushroomSignalWidget.entitlements;
				CODE_SIGN_STYLE = Automatic;
				COMBINE_HIDPI_IMAGES = YES;
				CURRENT_PROJECT_VERSION = 0.11;
				DEVELOPMENT_TEAM = UMPK75W8X6;
				INFOPLIST_FILE = MushroomSignalWidget/Info.plist;
				LD_RUNPATH_SEARCH_PATHS = (
					"$(inherited)",
					"@executable_path/../Frameworks",
					"@executable_path/../../../../Frameworks",
				);
				MARKETING_VERSION = 0.01;
				PRODUCT_BUNDLE_IDENTIFIER = com.alexandersalinka.MushroomSignal.Widget;
				SDKROOT = macosx;
			};
			name = Release;
		};
/* End XCBuildConfiguration section */

/* Begin XCConfigurationList section */
		0B12A4700C5DA6705BCC81B6 /* Build configuration list for PBXNativeTarget "MushroomSignal" */ = {
			isa = XCConfigurationList;
			buildConfigurations = (
				620E38A35103265BA953EBD2 /* Debug */,
				48722705184DDF3ED865773A /* Release */,
			);
			defaultConfigurationIsVisible = 0;
			defaultConfigurationName = Debug;
		};
		5A6A833D9D35DCC18A8283DC /* Build configuration list for PBXNativeTarget "MushroomSignalTests" */ = {
			isa = XCConfigurationList;
			buildConfigurations = (
				C97D746C76BDCF09D70E03BC /* Debug */,
				7B75B228E75624D52850FEA4 /* Release */,
			);
			defaultConfigurationIsVisible = 0;
			defaultConfigurationName = Debug;
		};
		6DAAE456FC07E100B89E9E83 /* Build configuration list for PBXProject "MushroomSignal" */ = {
			isa = XCConfigurationList;
			buildConfigurations = (
				D94D7C9FB605DC7F74CBC2B1 /* Debug */,
				300C6D0AB14AFFA03D43AABC /* Release */,
			);
			defaultConfigurationIsVisible = 0;
			defaultConfigurationName = Debug;
		};
		E278E23BC686016B17909526 /* Build configuration list for PBXNativeTarget "MushroomSignalWidgetExtension" */ = {
			isa = XCConfigurationList;
			buildConfigurations = (
				B3209E2760C62126E786DD2B /* Debug */,
				F7AF066E42325C55B2825406 /* Release */,
			);
			defaultConfigurationIsVisible = 0;
			defaultConfigurationName = Debug;
		};
/* End XCConfigurationList section */

/* Begin XCLocalSwiftPackageReference section */
		61847B2BD52560B11BD06C5B /* XCLocalSwiftPackageReference "MushroomSignalCore" */ = {
			isa = XCLocalSwiftPackageReference;
			relativePath = MushroomSignalCore;
		};
/* End XCLocalSwiftPackageReference section */

/* Begin XCSwiftPackageProductDependency section */
		518AEB9EBCD9C69B76B8B277 /* MushroomSignalCore */ = {
			isa = XCSwiftPackageProductDependency;
			productName = MushroomSignalCore;
		};
		92DC9F3E451BED501F4B36B6 /* MushroomSignalCore */ = {
			isa = XCSwiftPackageProductDependency;
			productName = MushroomSignalCore;
		};
		F0834182CDF6435077BFE5AA /* MushroomSignalCore */ = {
			isa = XCSwiftPackageProductDependency;
			productName = MushroomSignalCore;
		};
/* End XCSwiftPackageProductDependency section */
	};
	rootObject = D2BB48731A8FBB37EBE24A78 /* Project object */;
}
